
Microsoft Visual Studio Solution File, Format Version 12.00
# Visual Studio Version 16
VisualStudioVersion = 25.0.1704.0
MinimumVisualStudioVersion = 10.0.40219.1
Project("{FAE04EC0-301F-11D3-BF4B-00C04F79EFBC}") = "helpdesk-app", "helpdesk-app\helpdesk-app.csproj", "{04B0F42C-5660-48E0-8CD1-C30A53424B56}"
EndProject
Project("{FAE04EC0-301F-11D3-BF4B-00C04F79EFBC}") = "helpdesk-app.domain", "helpdesk-app.domain\helpdesk-app.domain.csproj", "{B30F774E-7FFE-4CA8-B3B0-F3C552B66DA9}"
EndProject
Project("{FAE04EC0-301F-11D3-BF4B-00C04F79EFBC}") = "helpdesk-app.infrastructure", "helpdesk-app.infrastructure\helpdesk-app.infrastructure.csproj", "{65727FEE-D9F3-4266-99AC-B3C3EF9AA5AB}"
EndProject
Global
	GlobalSection(SolutionConfigurationPlatforms) = preSolution
		Debug|Any CPU = Debug|Any CPU
		Release|Any CPU = Release|Any CPU
	EndGlobalSection
	GlobalSection(ProjectConfigurationPlatforms) = postSolution
		{04B0F42C-5660-48E0-8CD1-C30A53424B56}.Debug|Any CPU.ActiveCfg = Debug|Any CPU
		{04B0F42C-5660-48E0-8CD1-C30A53424B56}.Debug|Any CPU.Build.0 = Debug|Any CPU
		{04B0F42C-5660-48E0-8CD1-C30A53424B56}.Release|Any CPU.ActiveCfg = Release|Any CPU
		{04B0F42C-5660-48E0-8CD1-C30A53424B56}.Release|Any CPU.Build.0 = Release|Any CPU
		{B30F774E-7FFE-4CA8-B3B0-F3C552B66DA9}.Debug|Any CPU.ActiveCfg = Debug|Any CPU
		{B30F774E-7FFE-4CA8-B3B0-F3C552B66DA9}.Debug|Any CPU.Build.0 = Debug|Any CPU
		{B30F774E-7FFE-4CA8-B3B0-F3C552B66DA9}.Release|Any CPU.ActiveCfg = Release|Any CPU
		{B30F774E-7FFE-4CA8-B3B0-F3C552B66DA9}.Release|Any CPU.Build.0 = Release|Any CPU
		{65727FEE-D9F3-4266-99AC-B3C3EF9AA5AB}.Debug|Any CPU.ActiveCfg = Debug|Any CPU
		{65727FEE-D9F3-4266-99AC-B3C3EF9AA5AB}.Debug|Any CPU.Build.0 = Debug|Any CPU
		{65727FEE-D9F3-4266-99AC-B3C3EF9AA5AB}.Release|Any CPU.ActiveCfg = Release|Any CPU
		{65727FEE-D9F3-4266-99AC-B3C3EF9AA5AB}.Release|Any CPU.Build.0 = Release|Any CPU
	EndGlobalSection
	GlobalSection(SolutionProperties) = preSolution
		HideSolutionNode = FALSE
	EndGlobalSection
	GlobalSection(ExtensibilityGlobals) = postSolution
		SolutionGuid = {ECBC4283-D444-4C65-AA11-B18440103CBB}
	EndGlobalSection
EndGlobal
